
Microsoft Visual Studio Solution File, Format Version 12.00
# Visual Studio Version 17
VisualStudioVersion = 17.7.34031.279
MinimumVisualStudioVersion = 10.0.40219.1
Project("{9A19103F-16F7-4668-BE54-9A1E7A4F7556}") = "Domain", "Domain\Domain.csproj", "{23F3AE69-D8E0-4C8C-8178-07033178872E}"
EndProject
Project("{FAE04EC0-301F-11D3-BF4B-00C04F79EFBC}") = "Service", "Service\Service.csproj", "{45B1BCB8-CFCF-4A8A-B0AF-D7CD92119A80}"
EndProject
Global
	GlobalSection(SolutionConfigurationPlatforms) = preSolution
		Debug|Any CPU = Debug|Any CPU
		Release|Any CPU = Release|Any CPU
	EndGlobalSection
	GlobalSection(ProjectConfigurationPlatforms) = postSolution
		{23F3AE69-D8E0-4C8C-8178-07033178872E}.Debug|Any CPU.ActiveCfg = Debug|Any CPU
		{23F3AE69-D8E0-4C8C-8178-07033178872E}.Debug|Any CPU.Build.0 = Debug|Any CPU
		{23F3AE69-D8E0-4C8C-8178-07033178872E}.Release|Any CPU.ActiveCfg = Release|Any CPU
		{23F3AE69-D8E0-4C8C-8178-07033178872E}.Release|Any CPU.Build.0 = Release|Any CPU
		{45B1BCB8-CFCF-4A8A-B0AF-D7CD92119A80}.Debug|Any CPU.ActiveCfg = Debug|Any CPU
		{45B1BCB8-CFCF-4A8A-B0AF-D7CD92119A80}.Debug|Any CPU.Build.0 = Debug|Any CPU
		{45B1BCB8-CFCF-4A8A-B0AF-D7CD92119A80}.Release|Any CPU.ActiveCfg = Release|Any CPU
		{45B1BCB8-CFCF-4A8A-B0AF-D7CD92119A80}.Release|Any CPU.Build.0 = Release|Any CPU
	EndGlobalSection
	GlobalSection(SolutionProperties) = preSolution
		HideSolutionNode = FALSE
	EndGlobalSection
	GlobalSection(ExtensibilityGlobals) = postSolution
		SolutionGuid = {6A5A1C58-8166-449F-BA89-87055FBF8FED}
	EndGlobalSection
EndGlobal
